// !$*UTF8*$!
{
	archiveVersion = 1;
	classes = {
	};
	objectVersion = 46;
	objects = {

/* Begin PBXBuildFile section */
		786AD36D1CE9C1D8009117A8 /* TabBarUITests.swift in Sources */ = {isa = PBXBuildFile; fileRef = 786AD36C1CE9C1D8009117A8 /* TabBarUITests.swift */; };
		AF2043801CDD96D9005A48BD /* Rswift.framework in Frameworks */ = {isa = PBXBuildFile; fileRef = AF20437F1CDD96D9005A48BD /* Rswift.framework */; };
		AF6214761CCE067A00EF0D14 /* AppDelegate.swift in Sources */ = {isa = PBXBuildFile; fileRef = AF6214751CCE067A00EF0D14 /* AppDelegate.swift */; };
		AF62147D1CCE067A00EF0D14 /* Assets.xcassets in Resources */ = {isa = PBXBuildFile; fileRef = AF62147C1CCE067A00EF0D14 /* Assets.xcassets */; };
		AF6214801CCE067A00EF0D14 /* LaunchScreen.storyboard in Resources */ = {isa = PBXBuildFile; fileRef = AF62147E1CCE067A00EF0D14 /* LaunchScreen.storyboard */; };
		AF62148B1CCE067A00EF0D14 /* TimeTrackerTests.swift in Sources */ = {isa = PBXBuildFile; fileRef = AF62148A1CCE067A00EF0D14 /* TimeTrackerTests.swift */; };
		AF6214961CCE067A00EF0D14 /* TimeTrackerUITests.swift in Sources */ = {isa = PBXBuildFile; fileRef = AF6214951CCE067A00EF0D14 /* TimeTrackerUITests.swift */; };
		AF6214A41CCE3F8000EF0D14 /* SwiftyBeaver.framework in Frameworks */ = {isa = PBXBuildFile; fileRef = AF6214A31CCE3F8000EF0D14 /* SwiftyBeaver.framework */; };
		AF887E301CD60737000DB666 /* Result.framework in Frameworks */ = {isa = PBXBuildFile; fileRef = AF887E2F1CD60737000DB666 /* Result.framework */; };
		AFA5530E1CD0A1A40017E7BB /* R.generated.swift in Sources */ = {isa = PBXBuildFile; fileRef = AFA5530D1CD0A1A40017E7BB /* R.generated.swift */; };
		AFA5530F1CD0A1A40017E7BB /* R.generated.swift in Sources */ = {isa = PBXBuildFile; fileRef = AFA5530D1CD0A1A40017E7BB /* R.generated.swift */; };
		AFA553101CD0A1A40017E7BB /* R.generated.swift in Sources */ = {isa = PBXBuildFile; fileRef = AFA5530D1CD0A1A40017E7BB /* R.generated.swift */; };
		AFB84A4E1CE98CAB00AA926A /* TimersViewController.swift in Sources */ = {isa = PBXBuildFile; fileRef = AFB84A4D1CE98CAB00AA926A /* TimersViewController.swift */; };
		AFB84A521CE9AB5500AA926A /* SwiftUtils.framework in Frameworks */ = {isa = PBXBuildFile; fileRef = AFB84A511CE9AB5500AA926A /* SwiftUtils.framework */; };
		AFB84A551CE9C6AF00AA926A /* ClientsViewController.swift in Sources */ = {isa = PBXBuildFile; fileRef = AFB84A541CE9C6AF00AA926A /* ClientsViewController.swift */; };
		AFB84A581CE9C86C00AA926A /* RemindersViewController.swift in Sources */ = {isa = PBXBuildFile; fileRef = AFB84A571CE9C86C00AA926A /* RemindersViewController.swift */; };
		AFB84A5A1CE9C94900AA926A /* TriggersViewController.swift in Sources */ = {isa = PBXBuildFile; fileRef = AFB84A591CE9C94900AA926A /* TriggersViewController.swift */; };
		AFB84A5C1CE9C95300AA926A /* SettingsViewController.swift in Sources */ = {isa = PBXBuildFile; fileRef = AFB84A5B1CE9C95300AA926A /* SettingsViewController.swift */; };
/* End PBXBuildFile section */

/* Begin PBXContainerItemProxy section */
		AF6214871CCE067A00EF0D14 /* PBXContainerItemProxy */ = {
			isa = PBXContainerItemProxy;
			containerPortal = AF62146A1CCE067900EF0D14 /* Project object */;
			proxyType = 1;
			remoteGlobalIDString = AF6214711CCE067A00EF0D14;
			remoteInfo = TimeTracker;
		};
		AF6214921CCE067A00EF0D14 /* PBXContainerItemProxy */ = {
			isa = PBXContainerItemProxy;
			containerPortal = AF62146A1CCE067900EF0D14 /* Project object */;
			proxyType = 1;
			remoteGlobalIDString = AF6214711CCE067A00EF0D14;
			remoteInfo = TimeTracker;
		};
/* End PBXContainerItemProxy section */

/* Begin PBXFileReference section */
		786AD36C1CE9C1D8009117A8 /* TabBarUITests.swift */ = {isa = PBXFileReference; fileEncoding = 4; lastKnownFileType = sourcecode.swift; path = TabBarUITests.swift; sourceTree = "<group>"; };
		AF20437F1CDD96D9005A48BD /* Rswift.framework */ = {isa = PBXFileReference; lastKnownFileType = wrapper.framework; name = Rswift.framework; path = Carthage/Build/iOS/Rswift.framework; sourceTree = "<group>"; };
		AF6214721CCE067A00EF0D14 /* TimeTracker.app */ = {isa = PBXFileReference; explicitFileType = wrapper.application; includeInIndex = 0; path = TimeTracker.app; sourceTree = BUILT_PRODUCTS_DIR; };
		AF6214751CCE067A00EF0D14 /* AppDelegate.swift */ = {isa = PBXFileReference; lastKnownFileType = sourcecode.swift; path = AppDelegate.swift; sourceTree = "<group>"; };
		AF62147C1CCE067A00EF0D14 /* Assets.xcassets */ = {isa = PBXFileReference; lastKnownFileType = folder.assetcatalog; path = Assets.xcassets; sourceTree = "<group>"; };
		AF62147F1CCE067A00EF0D14 /* Base */ = {isa = PBXFileReference; lastKnownFileType = file.storyboard; name = Base; path = Base.lproj/LaunchScreen.storyboard; sourceTree = "<group>"; };
		AF6214811CCE067A00EF0D14 /* Info.plist */ = {isa = PBXFileReference; lastKnownFileType = text.plist.xml; path = Info.plist; sourceTree = "<group>"; };
		AF6214861CCE067A00EF0D14 /* TimeTrackerTests.xctest */ = {isa = PBXFileReference; explicitFileType = wrapper.cfbundle; includeInIndex = 0; path = TimeTrackerTests.xctest; sourceTree = BUILT_PRODUCTS_DIR; };
		AF62148A1CCE067A00EF0D14 /* TimeTrackerTests.swift */ = {isa = PBXFileReference; lastKnownFileType = sourcecode.swift; path = TimeTrackerTests.swift; sourceTree = "<group>"; };
		AF62148C1CCE067A00EF0D14 /* Info.plist */ = {isa = PBXFileReference; lastKnownFileType = text.plist.xml; path = Info.plist; sourceTree = "<group>"; };
		AF6214911CCE067A00EF0D14 /* TimeTrackerUITests.xctest */ = {isa = PBXFileReference; explicitFileType = wrapper.cfbundle; includeInIndex = 0; path = TimeTrackerUITests.xctest; sourceTree = BUILT_PRODUCTS_DIR; };
		AF6214951CCE067A00EF0D14 /* TimeTrackerUITests.swift */ = {isa = PBXFileReference; lastKnownFileType = sourcecode.swift; path = TimeTrackerUITests.swift; sourceTree = "<group>"; };
		AF6214971CCE067A00EF0D14 /* Info.plist */ = {isa = PBXFileReference; lastKnownFileType = text.plist.xml; path = Info.plist; sourceTree = "<group>"; };
		AF6214A31CCE3F8000EF0D14 /* SwiftyBeaver.framework */ = {isa = PBXFileReference; lastKnownFileType = wrapper.framework; name = SwiftyBeaver.framework; path = Carthage/Build/iOS/SwiftyBeaver.framework; sourceTree = "<group>"; };
		AF887E2F1CD60737000DB666 /* Result.framework */ = {isa = PBXFileReference; lastKnownFileType = wrapper.framework; name = Result.framework; path = Carthage/Build/iOS/Result.framework; sourceTree = "<group>"; };
		AFA5530D1CD0A1A40017E7BB /* R.generated.swift */ = {isa = PBXFileReference; fileEncoding = 4; lastKnownFileType = sourcecode.swift; path = R.generated.swift; sourceTree = SOURCE_ROOT; };
		AFB84A4D1CE98CAB00AA926A /* TimersViewController.swift */ = {isa = PBXFileReference; fileEncoding = 4; lastKnownFileType = sourcecode.swift; path = TimersViewController.swift; sourceTree = "<group>"; };
		AFB84A511CE9AB5500AA926A /* SwiftUtils.framework */ = {isa = PBXFileReference; lastKnownFileType = wrapper.framework; name = SwiftUtils.framework; path = Carthage/Build/iOS/SwiftUtils.framework; sourceTree = "<group>"; };
		AFB84A541CE9C6AF00AA926A /* ClientsViewController.swift */ = {isa = PBXFileReference; fileEncoding = 4; lastKnownFileType = sourcecode.swift; path = ClientsViewController.swift; sourceTree = "<group>"; };
		AFB84A571CE9C86C00AA926A /* RemindersViewController.swift */ = {isa = PBXFileReference; fileEncoding = 4; lastKnownFileType = sourcecode.swift; path = RemindersViewController.swift; sourceTree = "<group>"; };
		AFB84A591CE9C94900AA926A /* TriggersViewController.swift */ = {isa = PBXFileReference; fileEncoding = 4; lastKnownFileType = sourcecode.swift; path = TriggersViewController.swift; sourceTree = "<group>"; };
		AFB84A5B1CE9C95300AA926A /* SettingsViewController.swift */ = {isa = PBXFileReference; fileEncoding = 4; lastKnownFileType = sourcecode.swift; path = SettingsViewController.swift; sourceTree = "<group>"; };
/* End PBXFileReference section */

/* Begin PBXFrameworksBuildPhase section */
		AF62146F1CCE067A00EF0D14 /* Frameworks */ = {
			isa = PBXFrameworksBuildPhase;
			buildActionMask = 2147483647;
			files = (
				AF6214A41CCE3F8000EF0D14 /* SwiftyBeaver.framework in Frameworks */,
				AF887E301CD60737000DB666 /* Result.framework in Frameworks */,
				AF2043801CDD96D9005A48BD /* Rswift.framework in Frameworks */,
				AFB84A521CE9AB5500AA926A /* SwiftUtils.framework in Frameworks */,
			);
			runOnlyForDeploymentPostprocessing = 0;
		};
		AF6214831CCE067A00EF0D14 /* Frameworks */ = {
			isa = PBXFrameworksBuildPhase;
			buildActionMask = 2147483647;
			files = (
			);
			runOnlyForDeploymentPostprocessing = 0;
		};
		AF62148E1CCE067A00EF0D14 /* Frameworks */ = {
			isa = PBXFrameworksBuildPhase;
			buildActionMask = 2147483647;
			files = (
			);
			runOnlyForDeploymentPostprocessing = 0;
		};
/* End PBXFrameworksBuildPhase section */

/* Begin PBXGroup section */
		AF6214691CCE067900EF0D14 = {
			isa = PBXGroup;
			children = (
				AF6214741CCE067A00EF0D14 /* TimeTracker */,
				AF6214891CCE067A00EF0D14 /* TimeTrackerTests */,
				AF6214941CCE067A00EF0D14 /* TimeTrackerUITests */,
				AF6214731CCE067A00EF0D14 /* Products */,
				AFA5530A1CD09EE50017E7BB /* Dependencies */,
			);
			sourceTree = "<group>";
		};
		AF6214731CCE067A00EF0D14 /* Products */ = {
			isa = PBXGroup;
			children = (
				AF6214721CCE067A00EF0D14 /* TimeTracker.app */,
				AF6214861CCE067A00EF0D14 /* TimeTrackerTests.xctest */,
				AF6214911CCE067A00EF0D14 /* TimeTrackerUITests.xctest */,
			);
			name = Products;
			sourceTree = "<group>";
		};
		AF6214741CCE067A00EF0D14 /* TimeTracker */ = {
			isa = PBXGroup;
			children = (
				AF6214751CCE067A00EF0D14 /* AppDelegate.swift */,
				AFB84A561CE9C7ED00AA926A /* View Controllers */,
				AF62147C1CCE067A00EF0D14 /* Assets.xcassets */,
				AF62147E1CCE067A00EF0D14 /* LaunchScreen.storyboard */,
				AF6214811CCE067A00EF0D14 /* Info.plist */,
			);
			path = TimeTracker;
			sourceTree = "<group>";
		};
		AF6214891CCE067A00EF0D14 /* TimeTrackerTests */ = {
			isa = PBXGroup;
			children = (
				AF62148A1CCE067A00EF0D14 /* TimeTrackerTests.swift */,
				AF62148C1CCE067A00EF0D14 /* Info.plist */,
			);
			path = TimeTrackerTests;
			sourceTree = "<group>";
		};
		AF6214941CCE067A00EF0D14 /* TimeTrackerUITests */ = {
			isa = PBXGroup;
			children = (
				AF6214951CCE067A00EF0D14 /* TimeTrackerUITests.swift */,
				786AD36C1CE9C1D8009117A8 /* TabBarUITests.swift */,
				AF6214971CCE067A00EF0D14 /* Info.plist */,
			);
			path = TimeTrackerUITests;
			sourceTree = "<group>";
		};
		AFA5530A1CD09EE50017E7BB /* Dependencies */ = {
			isa = PBXGroup;
			children = (
				AFA5530D1CD0A1A40017E7BB /* R.generated.swift */,
				AFB84A511CE9AB5500AA926A /* SwiftUtils.framework */,
				AF887E2F1CD60737000DB666 /* Result.framework */,
				AF20437F1CDD96D9005A48BD /* Rswift.framework */,
				AF6214A31CCE3F8000EF0D14 /* SwiftyBeaver.framework */,
			);
			name = Dependencies;
			sourceTree = "<group>";
		};
		AFB84A561CE9C7ED00AA926A /* View Controllers */ = {
			isa = PBXGroup;
			children = (
				AFB84A4D1CE98CAB00AA926A /* TimersViewController.swift */,
				AFB84A541CE9C6AF00AA926A /* ClientsViewController.swift */,
				AFB84A571CE9C86C00AA926A /* RemindersViewController.swift */,
				AFB84A591CE9C94900AA926A /* TriggersViewController.swift */,
				AFB84A5B1CE9C95300AA926A /* SettingsViewController.swift */,
			);
			name = "View Controllers";
			sourceTree = "<group>";
		};
/* End PBXGroup section */

/* Begin PBXNativeTarget section */
		AF6214711CCE067A00EF0D14 /* TimeTracker */ = {
			isa = PBXNativeTarget;
			buildConfigurationList = AF62149A1CCE067A00EF0D14 /* Build configuration list for PBXNativeTarget "TimeTracker" */;
			buildPhases = (
				AFA5530C1CD0A11E0017E7BB /* ShellScript */,
				AF62146E1CCE067A00EF0D14 /* Sources */,
				AF62146F1CCE067A00EF0D14 /* Frameworks */,
				AF6214701CCE067A00EF0D14 /* Resources */,
				AF6214A51CCE455F00EF0D14 /* Carthage Copy Frameworks */,
			);
			buildRules = (
			);
			dependencies = (
			);
			name = TimeTracker;
			productName = TimeTracker;
			productReference = AF6214721CCE067A00EF0D14 /* TimeTracker.app */;
			productType = "com.apple.product-type.application";
		};
		AF6214851CCE067A00EF0D14 /* TimeTrackerTests */ = {
			isa = PBXNativeTarget;
			buildConfigurationList = AF62149D1CCE067A00EF0D14 /* Build configuration list for PBXNativeTarget "TimeTrackerTests" */;
			buildPhases = (
				AF6214821CCE067A00EF0D14 /* Sources */,
				AF6214831CCE067A00EF0D14 /* Frameworks */,
				AF6214841CCE067A00EF0D14 /* Resources */,
				AF2043871CDDD4A2005A48BD /* Carthage Copy Frameworks */,
			);
			buildRules = (
			);
			dependencies = (
				AF6214881CCE067A00EF0D14 /* PBXTargetDependency */,
			);
			name = TimeTrackerTests;
			productName = TimeTrackerTests;
			productReference = AF6214861CCE067A00EF0D14 /* TimeTrackerTests.xctest */;
			productType = "com.apple.product-type.bundle.unit-test";
		};
		AF6214901CCE067A00EF0D14 /* TimeTrackerUITests */ = {
			isa = PBXNativeTarget;
			buildConfigurationList = AF6214A01CCE067A00EF0D14 /* Build configuration list for PBXNativeTarget "TimeTrackerUITests" */;
			buildPhases = (
				AF62148D1CCE067A00EF0D14 /* Sources */,
				AF62148E1CCE067A00EF0D14 /* Frameworks */,
				AF62148F1CCE067A00EF0D14 /* Resources */,
				AFB84A471CE798BD00AA926A /* ShellScript */,
			);
			buildRules = (
			);
			dependencies = (
				AF6214931CCE067A00EF0D14 /* PBXTargetDependency */,
			);
			name = TimeTrackerUITests;
			productName = TimeTrackerUITests;
			productReference = AF6214911CCE067A00EF0D14 /* TimeTrackerUITests.xctest */;
			productType = "com.apple.product-type.bundle.ui-testing";
		};
/* End PBXNativeTarget section */

/* Begin PBXProject section */
		AF62146A1CCE067900EF0D14 /* Project object */ = {
			isa = PBXProject;
			attributes = {
				LastSwiftUpdateCheck = 0730;
				LastUpgradeCheck = 0730;
				ORGANIZATIONNAME = "Surya Software Systems Pvt. Ltd.";
				TargetAttributes = {
					AF6214711CCE067A00EF0D14 = {
						CreatedOnToolsVersion = 7.3;
						DevelopmentTeam = AN9L4FDLJH;
					};
					AF6214851CCE067A00EF0D14 = {
						CreatedOnToolsVersion = 7.3;
						TestTargetID = AF6214711CCE067A00EF0D14;
					};
					AF6214901CCE067A00EF0D14 = {
						CreatedOnToolsVersion = 7.3;
						TestTargetID = AF6214711CCE067A00EF0D14;
					};
				};
			};
			buildConfigurationList = AF62146D1CCE067900EF0D14 /* Build configuration list for PBXProject "TimeTracker" */;
			compatibilityVersion = "Xcode 3.2";
			developmentRegion = English;
			hasScannedForEncodings = 0;
			knownRegions = (
				en,
				Base,
			);
			mainGroup = AF6214691CCE067900EF0D14;
			productRefGroup = AF6214731CCE067A00EF0D14 /* Products */;
			projectDirPath = "";
			projectRoot = "";
			targets = (
				AF6214711CCE067A00EF0D14 /* TimeTracker */,
				AF6214851CCE067A00EF0D14 /* TimeTrackerTests */,
				AF6214901CCE067A00EF0D14 /* TimeTrackerUITests */,
			);
		};
/* End PBXProject section */

/* Begin PBXResourcesBuildPhase section */
		AF6214701CCE067A00EF0D14 /* Resources */ = {
			isa = PBXResourcesBuildPhase;
			buildActionMask = 2147483647;
			files = (
				AF6214801CCE067A00EF0D14 /* LaunchScreen.storyboard in Resources */,
				AF62147D1CCE067A00EF0D14 /* Assets.xcassets in Resources */,
			);
			runOnlyForDeploymentPostprocessing = 0;
		};
		AF6214841CCE067A00EF0D14 /* Resources */ = {
			isa = PBXResourcesBuildPhase;
			buildActionMask = 2147483647;
			files = (
			);
			runOnlyForDeploymentPostprocessing = 0;
		};
		AF62148F1CCE067A00EF0D14 /* Resources */ = {
			isa = PBXResourcesBuildPhase;
			buildActionMask = 2147483647;
			files = (
			);
			runOnlyForDeploymentPostprocessing = 0;
		};
/* End PBXResourcesBuildPhase section */

/* Begin PBXShellScriptBuildPhase section */
		AF2043871CDDD4A2005A48BD /* Carthage Copy Frameworks */ = {
			isa = PBXShellScriptBuildPhase;
			buildActionMask = 2147483647;
			files = (
			);
			inputPaths = (
				"$(SRCROOT)/Carthage/Build/iOS/Result.framework",
				"$(SRCROOT)/Carthage/Build/iOS/Rswift.framework",
				"$(SRCROOT)/Carthage/Build/iOS/SwiftyBeaver.framework",
			);
			name = "Carthage Copy Frameworks";
			outputPaths = (
			);
			runOnlyForDeploymentPostprocessing = 0;
			shellPath = /bin/sh;
			shellScript = "/usr/local/bin/carthage copy-frameworks";
		};
		AF6214A51CCE455F00EF0D14 /* Carthage Copy Frameworks */ = {
			isa = PBXShellScriptBuildPhase;
			buildActionMask = 2147483647;
			files = (
			);
			inputPaths = (
				"$(SRCROOT)/Carthage/Build/iOS/SwiftyBeaver.framework",
				"$(SRCROOT)/Carthage/Build/iOS/Result.framework",
				"$(SRCROOT)/Carthage/Build/iOS/Rswift.framework",
				"$(SRCROOT)/Carthage/Build/iOS/SwiftUtils.framework",
			);
			name = "Carthage Copy Frameworks";
			outputPaths = (
			);
			runOnlyForDeploymentPostprocessing = 0;
			shellPath = /bin/sh;
			shellScript = "/usr/local/bin/carthage copy-frameworks";
		};
		AFA5530C1CD0A11E0017E7BB /* ShellScript */ = {
			isa = PBXShellScriptBuildPhase;
			buildActionMask = 2147483647;
			files = (
			);
			inputPaths = (
			);
			outputPaths = (
			);
			runOnlyForDeploymentPostprocessing = 0;
			shellPath = /bin/sh;
			shellScript = "\"$SRCROOT/bin/rswift\" \"$SRCROOT\"";
		};
		AFB84A471CE798BD00AA926A /* ShellScript */ = {
			isa = PBXShellScriptBuildPhase;
			buildActionMask = 2147483647;
			files = (
			);
			inputPaths = (
				"$(SRCROOT)/Carthage/Build/iOS/SwiftyBeaver.framework",
				"$(SRCROOT)/Carthage/Build/iOS/Result.framework",
				"$(SRCROOT)/Carthage/Build/iOS/Rswift.framework",
			);
			outputPaths = (
			);
			runOnlyForDeploymentPostprocessing = 0;
			shellPath = /bin/sh;
			shellScript = "/usr/local/bin/carthage copy-frameworks";
		};
/* End PBXShellScriptBuildPhase section */

/* Begin PBXSourcesBuildPhase section */
		AF62146E1CCE067A00EF0D14 /* Sources */ = {
			isa = PBXSourcesBuildPhase;
			buildActionMask = 2147483647;
			files = (
				AFB84A4E1CE98CAB00AA926A /* TimersViewController.swift in Sources */,
				AF6214761CCE067A00EF0D14 /* AppDelegate.swift in Sources */,
				AFB84A5C1CE9C95300AA926A /* SettingsViewController.swift in Sources */,
				AFA5530E1CD0A1A40017E7BB /* R.generated.swift in Sources */,
				AFB84A551CE9C6AF00AA926A /* ClientsViewController.swift in Sources */,
				AFB84A581CE9C86C00AA926A /* RemindersViewController.swift in Sources */,
				AFB84A5A1CE9C94900AA926A /* TriggersViewController.swift in Sources */,
			);
			runOnlyForDeploymentPostprocessing = 0;
		};
		AF6214821CCE067A00EF0D14 /* Sources */ = {
			isa = PBXSourcesBuildPhase;
			buildActionMask = 2147483647;
			files = (
				AF62148B1CCE067A00EF0D14 /* TimeTrackerTests.swift in Sources */,
				AFA5530F1CD0A1A40017E7BB /* R.generated.swift in Sources */,
			);
			runOnlyForDeploymentPostprocessing = 0;
		};
		AF62148D1CCE067A00EF0D14 /* Sources */ = {
			isa = PBXSourcesBuildPhase;
			buildActionMask = 2147483647;
			files = (
				AF6214961CCE067A00EF0D14 /* TimeTrackerUITests.swift in Sources */,
				AFA553101CD0A1A40017E7BB /* R.generated.swift in Sources */,
				786AD36D1CE9C1D8009117A8 /* TabBarUITests.swift in Sources */,
			);
			runOnlyForDeploymentPostprocessing = 0;
		};
/* End PBXSourcesBuildPhase section */

/* Begin PBXTargetDependency section */
		AF6214881CCE067A00EF0D14 /* PBXTargetDependency */ = {
			isa = PBXTargetDependency;
			target = AF6214711CCE067A00EF0D14 /* TimeTracker */;
			targetProxy = AF6214871CCE067A00EF0D14 /* PBXContainerItemProxy */;
		};
		AF6214931CCE067A00EF0D14 /* PBXTargetDependency */ = {
			isa = PBXTargetDependency;
			target = AF6214711CCE067A00EF0D14 /* TimeTracker */;
			targetProxy = AF6214921CCE067A00EF0D14 /* PBXContainerItemProxy */;
		};
/* End PBXTargetDependency section */

/* Begin PBXVariantGroup section */
		AF62147E1CCE067A00EF0D14 /* LaunchScreen.storyboard */ = {
			isa = PBXVariantGroup;
			children = (
				AF62147F1CCE067A00EF0D14 /* Base */,
			);
			name = LaunchScreen.storyboard;
			sourceTree = "<group>";
		};
/* End PBXVariantGroup section */

/* Begin XCBuildConfiguration section */
		AF6214981CCE067A00EF0D14 /* Debug */ = {
			isa = XCBuildConfiguration;
			buildSettings = {
				ALWAYS_SEARCH_USER_PATHS = NO;
				CLANG_ANALYZER_NONNULL = YES;
				CLANG_CXX_LANGUAGE_STANDARD = "gnu++0x";
				CLANG_CXX_LIBRARY = "libc++";
				CLANG_ENABLE_MODULES = YES;
				CLANG_ENABLE_OBJC_ARC = YES;
				CLANG_WARN_BOOL_CONVERSION = YES;
				CLANG_WARN_CONSTANT_CONVERSION = YES;
				CLANG_WARN_DIRECT_OBJC_ISA_USAGE = YES_ERROR;
				CLANG_WARN_EMPTY_BODY = YES;
				CLANG_WARN_ENUM_CONVERSION = YES;
				CLANG_WARN_INT_CONVERSION = YES;
				CLANG_WARN_OBJC_ROOT_CLASS = YES_ERROR;
				CLANG_WARN_UNREACHABLE_CODE = YES;
				CLANG_WARN__DUPLICATE_METHOD_MATCH = YES;
				"CODE_SIGN_IDENTITY[sdk=iphoneos*]" = "iPhone Developer";
				COPY_PHASE_STRIP = NO;
				DEBUG_INFORMATION_FORMAT = dwarf;
				ENABLE_STRICT_OBJC_MSGSEND = YES;
				ENABLE_TESTABILITY = YES;
				GCC_C_LANGUAGE_STANDARD = gnu99;
				GCC_DYNAMIC_NO_PIC = NO;
				GCC_NO_COMMON_BLOCKS = YES;
				GCC_OPTIMIZATION_LEVEL = 0;
				GCC_PREPROCESSOR_DEFINITIONS = (
					"DEBUG=1",
					"$(inherited)",
				);
				GCC_WARN_64_TO_32_BIT_CONVERSION = YES;
				GCC_WARN_ABOUT_RETURN_TYPE = YES_ERROR;
				GCC_WARN_UNDECLARED_SELECTOR = YES;
				GCC_WARN_UNINITIALIZED_AUTOS = YES_AGGRESSIVE;
				GCC_WARN_UNUSED_FUNCTION = YES;
				GCC_WARN_UNUSED_VARIABLE = YES;
				IPHONEOS_DEPLOYMENT_TARGET = 9.3;
				MTL_ENABLE_DEBUG_INFO = YES;
				ONLY_ACTIVE_ARCH = YES;
				SDKROOT = iphoneos;
				SWIFT_OPTIMIZATION_LEVEL = "-Onone";
			};
			name = Debug;
		};
		AF6214991CCE067A00EF0D14 /* Release */ = {
			isa = XCBuildConfiguration;
			buildSettings = {
				ALWAYS_SEARCH_USER_PATHS = NO;
				CLANG_ANALYZER_NONNULL = YES;
				CLANG_CXX_LANGUAGE_STANDARD = "gnu++0x";
				CLANG_CXX_LIBRARY = "libc++";
				CLANG_ENABLE_MODULES = YES;
				CLANG_ENABLE_OBJC_ARC = YES;
				CLANG_WARN_BOOL_CONVERSION = YES;
				CLANG_WARN_CONSTANT_CONVERSION = YES;
				CLANG_WARN_DIRECT_OBJC_ISA_USAGE = YES_ERROR;
				CLANG_WARN_EMPTY_BODY = YES;
				CLANG_WARN_ENUM_CONVERSION = YES;
				CLANG_WARN_INT_CONVERSION = YES;
				CLANG_WARN_OBJC_ROOT_CLASS = YES_ERROR;
				CLANG_WARN_UNREACHABLE_CODE = YES;
				CLANG_WARN__DUPLICATE_METHOD_MATCH = YES;
				"CODE_SIGN_IDENTITY[sdk=iphoneos*]" = "iPhone Developer";
				COPY_PHASE_STRIP = NO;
				DEBUG_INFORMATION_FORMAT = "dwarf-with-dsym";
				ENABLE_NS_ASSERTIONS = NO;
				ENABLE_STRICT_OBJC_MSGSEND = YES;
				GCC_C_LANGUAGE_STANDARD = gnu99;
				GCC_NO_COMMON_BLOCKS = YES;
				GCC_WARN_64_TO_32_BIT_CONVERSION = YES;
				GCC_WARN_ABOUT_RETURN_TYPE = YES_ERROR;
				GCC_WARN_UNDECLARED_SELECTOR = YES;
				GCC_WARN_UNINITIALIZED_AUTOS = YES_AGGRESSIVE;
				GCC_WARN_UNUSED_FUNCTION = YES;
				GCC_WARN_UNUSED_VARIABLE = YES;
				IPHONEOS_DEPLOYMENT_TARGET = 9.3;
				MTL_ENABLE_DEBUG_INFO = NO;
				ONLY_ACTIVE_ARCH = YES;
				SDKROOT = iphoneos;
				VALIDATE_PRODUCT = YES;
			};
			name = Release;
		};
		AF62149B1CCE067A00EF0D14 /* Debug */ = {
			isa = XCBuildConfiguration;
			buildSettings = {
				ASSETCATALOG_COMPILER_APPICON_NAME = AppIcon;
				CODE_SIGN_IDENTITY = "iPhone Developer";
				"CODE_SIGN_IDENTITY[sdk=appletvos*]" = "iPhone Developer";
				"CODE_SIGN_IDENTITY[sdk=iphoneos*]" = "iPhone Developer";
				FRAMEWORK_SEARCH_PATHS = (
					"$(inherited)",
					"$(PROJECT_DIR)/Carthage/Build/iOS",
				);
				INFOPLIST_FILE = TimeTracker/Info.plist;
				LD_RUNPATH_SEARCH_PATHS = "$(inherited) @executable_path/Frameworks";
				"OTHER_SWIFT_FLAGS[arch=*]" = "-D DEBUG";
				PRODUCT_BUNDLE_IDENTIFIER = com.suryafinsys.TimeTracker;
				PRODUCT_NAME = "$(TARGET_NAME)";
				PROVISIONING_PROFILE = "";
				"PROVISIONING_PROFILE[sdk=iphoneos*]" = "";
			};
			name = Debug;
		};
		AF62149C1CCE067A00EF0D14 /* Release */ = {
			isa = XCBuildConfiguration;
			buildSettings = {
				ASSETCATALOG_COMPILER_APPICON_NAME = AppIcon;
				CODE_SIGN_IDENTITY = "iPhone Developer";
				"CODE_SIGN_IDENTITY[sdk=appletvos*]" = "iPhone Developer";
				"CODE_SIGN_IDENTITY[sdk=iphoneos*]" = "iPhone Developer";
				FRAMEWORK_SEARCH_PATHS = (
					"$(inherited)",
					"$(PROJECT_DIR)/Carthage/Build/iOS",
				);
				INFOPLIST_FILE = TimeTracker/Info.plist;
				LD_RUNPATH_SEARCH_PATHS = "$(inherited) @executable_path/Frameworks";
				PRODUCT_BUNDLE_IDENTIFIER = com.suryafinsys.TimeTracker;
				PRODUCT_NAME = "$(TARGET_NAME)";
				PROVISIONING_PROFILE = "";
				"PROVISIONING_PROFILE[sdk=iphoneos*]" = "";
			};
			name = Release;
		};
		AF62149E1CCE067A00EF0D14 /* Debug */ = {
			isa = XCBuildConfiguration;
			buildSettings = {
				BUNDLE_LOADER = "$(TEST_HOST)";
				FRAMEWORK_SEARCH_PATHS = (
					"$(inherited)",
					"$(PROJECT_DIR)/Carthage/Build/iOS",
				);
				INFOPLIST_FILE = TimeTrackerTests/Info.plist;
				LD_RUNPATH_SEARCH_PATHS = "$(inherited) @executable_path/Frameworks @loader_path/Frameworks";
				PRODUCT_BUNDLE_IDENTIFIER = com.surya.TimeTrackerTests;
				PRODUCT_NAME = "$(TARGET_NAME)";
				TEST_HOST = "$(BUILT_PRODUCTS_DIR)/TimeTracker.app/TimeTracker";
			};
			name = Debug;
		};
		AF62149F1CCE067A00EF0D14 /* Release */ = {
			isa = XCBuildConfiguration;
			buildSettings = {
				BUNDLE_LOADER = "$(TEST_HOST)";
				FRAMEWORK_SEARCH_PATHS = (
					"$(inherited)",
					"$(PROJECT_DIR)/Carthage/Build/iOS",
				);
				INFOPLIST_FILE = TimeTrackerTests/Info.plist;
				LD_RUNPATH_SEARCH_PATHS = "$(inherited) @executable_path/Frameworks @loader_path/Frameworks";
				PRODUCT_BUNDLE_IDENTIFIER = com.surya.TimeTrackerTests;
				PRODUCT_NAME = "$(TARGET_NAME)";
				TEST_HOST = "$(BUILT_PRODUCTS_DIR)/TimeTracker.app/TimeTracker";
			};
			name = Release;
		};
		AF6214A11CCE067A00EF0D14 /* Debug */ = {
			isa = XCBuildConfiguration;
			buildSettings = {
				FRAMEWORK_SEARCH_PATHS = (
					"$(inherited)",
					"$(PROJECT_DIR)/Carthage/Build/iOS",
				);
				INFOPLIST_FILE = TimeTrackerUITests/Info.plist;
				LD_RUNPATH_SEARCH_PATHS = "$(inherited) @executable_path/Frameworks @loader_path/Frameworks";
				PRODUCT_BUNDLE_IDENTIFIER = com.surya.TimeTrackerUITests;
				PRODUCT_NAME = "$(TARGET_NAME)";
				TEST_TARGET_NAME = TimeTracker;
			};
			name = Debug;
		};
		AF6214A21CCE067A00EF0D14 /* Release */ = {
			isa = XCBuildConfiguration;
			buildSettings = {
				FRAMEWORK_SEARCH_PATHS = (
					"$(inherited)",
					"$(PROJECT_DIR)/Carthage/Build/iOS",
				);
				INFOPLIST_FILE = TimeTrackerUITests/Info.plist;
				LD_RUNPATH_SEARCH_PATHS = "$(inherited) @executable_path/Frameworks @loader_path/Frameworks";
				PRODUCT_BUNDLE_IDENTIFIER = com.surya.TimeTrackerUITests;
				PRODUCT_NAME = "$(TARGET_NAME)";
				TEST_TARGET_NAME = TimeTracker;
			};
			name = Release;
		};
/* End XCBuildConfiguration section */

/* Begin XCConfigurationList section */
		AF62146D1CCE067900EF0D14 /* Build configuration list for PBXProject "TimeTracker" */ = {
			isa = XCConfigurationList;
			buildConfigurations = (
				AF6214981CCE067A00EF0D14 /* Debug */,
				AF6214991CCE067A00EF0D14 /* Release */,
			);
			defaultConfigurationIsVisible = 0;
			defaultConfigurationName = Release;
		};
		AF62149A1CCE067A00EF0D14 /* Build configuration list for PBXNativeTarget "TimeTracker" */ = {
			isa = XCConfigurationList;
			buildConfigurations = (
				AF62149B1CCE067A00EF0D14 /* Debug */,
				AF62149C1CCE067A00EF0D14 /* Release */,
			);
			defaultConfigurationIsVisible = 0;
			defaultConfigurationName = Release;
		};
		AF62149D1CCE067A00EF0D14 /* Build configuration list for PBXNativeTarget "TimeTrackerTests" */ = {
			isa = XCConfigurationList;
			buildConfigurations = (
				AF62149E1CCE067A00EF0D14 /* Debug */,
				AF62149F1CCE067A00EF0D14 /* Release */,
			);
			defaultConfigurationIsVisible = 0;
			defaultConfigurationName = Release;
		};
		AF6214A01CCE067A00EF0D14 /* Build configuration list for PBXNativeTarget "TimeTrackerUITests" */ = {
			isa = XCConfigurationList;
			buildConfigurations = (
				AF6214A11CCE067A00EF0D14 /* Debug */,
				AF6214A21CCE067A00EF0D14 /* Release */,
			);
			defaultConfigurationIsVisible = 0;
			defaultConfigurationName = Release;
		};
/* End XCConfigurationList section */
	};
	rootObject = AF62146A1CCE067900EF0D14 /* Project object */;
}
